{
  "nodes": {
    "nixpkgs": {
      "locked": {
        "lastModified": 1663336929,
        "narHash": "sha256-DdivDyCmjeWkkNDP4JYdAu1O9CEY4CEpeIXgJz5NKJM=",
        "owner": "NixOS",
        "repo": "nixpkgs",
        "rev": "e4a45f97c0a0265d6d1cb25b71beafac732eeb10",
        "type": "github"
      },
      "original": {
        "owner": "NixOS",
        "repo": "nixpkgs",
        "type": "github"
      }
    },
    "root": {
      "inputs": {
        "nixpkgs": "nixpkgs"
      }
    }
  },
  "root": "root",
  "version": 7
}
