{
  "nodes": {
    "nixpkgs": {
      "locked": {
        "lastModified": 1663338016,
        "narHash": "sha256-jtcOGOfpRzVacU1aMNcoXaakCmAWJGlzYnA3wihbu9w=",
        "owner": "NixOS",
        "repo": "nixpkgs",
        "rev": "bef209dc55a6b760b95ef7c08486a574fbd0cdd9",
        "type": "github"
      },
      "original": {
        "owner": "NixOS",
        "repo": "nixpkgs",
        "type": "github"
      }
    },
    "riscvphone-src": {
      "flake": false,
      "locked": {
        "lastModified": 1662332159,
        "narHash": "sha256-xMEu3DhTBf0tLv0DrOHjGMO6NqJ3lyu+O7OfvM/KH/k=",
        "ref": "refs/heads/master",
        "rev": "38e19a65fda7a37688320b4b732eb1113bbcbad7",
        "revCount": 482,
        "type": "git",
        "url": "git://majstor.org/rvPhone.git"
      },
      "original": {
        "type": "git",
        "url": "git://majstor.org/rvPhone.git"
      }
    },
    "root": {
      "inputs": {
        "nixpkgs": "nixpkgs",
        "riscvphone-src": "riscvphone-src"
      }
    }
  },
  "root": "root",
  "version": 7
}
